// !$*UTF8*$!
{
	archiveVersion = 1;
	classes = {
	};
	objectVersion = 56;
	objects = {

/* Begin PBXBuildFile section */
		30C940322A11F26D0093DBB8 /* AppDelegate.swift in Sources */ = {isa = PBXBuildFile; fileRef = 30C940312A11F26D0093DBB8 /* AppDelegate.swift */; };
		30C940342A11F26D0093DBB8 /* SceneDelegate.swift in Sources */ = {isa = PBXBuildFile; fileRef = 30C940332A11F26D0093DBB8 /* SceneDelegate.swift */; };
		30C9403B2A11F26D0093DBB8 /* Assets.xcassets in Resources */ = {isa = PBXBuildFile; fileRef = 30C9403A2A11F26D0093DBB8 /* Assets.xcassets */; };
		30C9403E2A11F26D0093DBB8 /* LaunchScreen.storyboard in Resources */ = {isa = PBXBuildFile; fileRef = 30C9403C2A11F26D0093DBB8 /* LaunchScreen.storyboard */; };
		30C940462A1233F10093DBB8 /* mainVC.swift in Sources */ = {isa = PBXBuildFile; fileRef = 30C940452A1233F10093DBB8 /* mainVC.swift */; };
		30C940482A1237C10093DBB8 /* UIViewExtension.swift in Sources */ = {isa = PBXBuildFile; fileRef = 30C940472A1237C10093DBB8 /* UIViewExtension.swift */; };
		30C9404A2A123D9A0093DBB8 /* tableViewCell.swift in Sources */ = {isa = PBXBuildFile; fileRef = 30C940492A123D9A0093DBB8 /* tableViewCell.swift */; };
		30C9404E2A13F3DF0093DBB8 /* Country.swift in Sources */ = {isa = PBXBuildFile; fileRef = 30C9404D2A13F3DF0093DBB8 /* Country.swift */; };
		30C940542A142BC80093DBB8 /* CountryDetails.swift in Sources */ = {isa = PBXBuildFile; fileRef = 30C940532A142BC80093DBB8 /* CountryDetails.swift */; };
/* End PBXBuildFile section */

/* Begin PBXFileReference section */
		30C9402E2A11F26D0093DBB8 /* Geographic atlas.app */ = {isa = PBXFileReference; explicitFileType = wrapper.application; includeInIndex = 0; path = "Geographic atlas.app"; sourceTree = BUILT_PRODUCTS_DIR; };
		30C940312A11F26D0093DBB8 /* AppDelegate.swift */ = {isa = PBXFileReference; lastKnownFileType = sourcecode.swift; path = AppDelegate.swift; sourceTree = "<group>"; };
		30C940332A11F26D0093DBB8 /* SceneDelegate.swift */ = {isa = PBXFileReference; lastKnownFileType = sourcecode.swift; path = SceneDelegate.swift; sourceTree = "<group>"; };
		30C9403A2A11F26D0093DBB8 /* Assets.xcassets */ = {isa = PBXFileReference; lastKnownFileType = folder.assetcatalog; path = Assets.xcassets; sourceTree = "<group>"; };
		30C9403D2A11F26D0093DBB8 /* Base */ = {isa = PBXFileReference; lastKnownFileType = file.storyboard; name = Base; path = Base.lproj/LaunchScreen.storyboard; sourceTree = "<group>"; };
		30C9403F2A11F26D0093DBB8 /* Info.plist */ = {isa = PBXFileReference; lastKnownFileType = text.plist.xml; path = Info.plist; sourceTree = "<group>"; };
		30C940452A1233F10093DBB8 /* mainVC.swift */ = {isa = PBXFileReference; lastKnownFileType = sourcecode.swift; path = mainVC.swift; sourceTree = "<group>"; };
		30C940472A1237C10093DBB8 /* UIViewExtension.swift */ = {isa = PBXFileReference; lastKnownFileType = sourcecode.swift; path = UIViewExtension.swift; sourceTree = "<group>"; };
		30C940492A123D9A0093DBB8 /* tableViewCell.swift */ = {isa = PBXFileReference; lastKnownFileType = sourcecode.swift; path = tableViewCell.swift; sourceTree = "<group>"; };
		30C9404D2A13F3DF0093DBB8 /* Country.swift */ = {isa = PBXFileReference; lastKnownFileType = sourcecode.swift; path = Country.swift; sourceTree = "<group>"; };
		30C940532A142BC80093DBB8 /* CountryDetails.swift */ = {isa = PBXFileReference; lastKnownFileType = sourcecode.swift; path = CountryDetails.swift; sourceTree = "<group>"; };
/* End PBXFileReference section */

/* Begin PBXFrameworksBuildPhase section */
		30C9402B2A11F26D0093DBB8 /* Frameworks */ = {
			isa = PBXFrameworksBuildPhase;
			buildActionMask = 2147483647;
			files = (
			);
			runOnlyForDeploymentPostprocessing = 0;
		};
/* End PBXFrameworksBuildPhase section */

/* Begin PBXGroup section */
		30C940252A11F26D0093DBB8 = {
			isa = PBXGroup;
			children = (
				30C940302A11F26D0093DBB8 /* Geographic atlas */,
				30C9402F2A11F26D0093DBB8 /* Products */,
			);
			sourceTree = "<group>";
		};
		30C9402F2A11F26D0093DBB8 /* Products */ = {
			isa = PBXGroup;
			children = (
				30C9402E2A11F26D0093DBB8 /* Geographic atlas.app */,
			);
			name = Products;
			sourceTree = "<group>";
		};
		30C940302A11F26D0093DBB8 /* Geographic atlas */ = {
			isa = PBXGroup;
			children = (
				30C940312A11F26D0093DBB8 /* AppDelegate.swift */,
				30C940332A11F26D0093DBB8 /* SceneDelegate.swift */,
				30C9403A2A11F26D0093DBB8 /* Assets.xcassets */,
				30C9403C2A11F26D0093DBB8 /* LaunchScreen.storyboard */,
				30C9403F2A11F26D0093DBB8 /* Info.plist */,
				30C940452A1233F10093DBB8 /* mainVC.swift */,
				30C940532A142BC80093DBB8 /* CountryDetails.swift */,
				30C940492A123D9A0093DBB8 /* tableViewCell.swift */,
				30C9404D2A13F3DF0093DBB8 /* Country.swift */,
				30C940472A1237C10093DBB8 /* UIViewExtension.swift */,
			);
			path = "Geographic atlas";
			sourceTree = "<group>";
		};
/* End PBXGroup section */

/* Begin PBXNativeTarget section */
		30C9402D2A11F26D0093DBB8 /* Geographic atlas */ = {
			isa = PBXNativeTarget;
			buildConfigurationList = 30C940422A11F26D0093DBB8 /* Build configuration list for PBXNativeTarget "Geographic atlas" */;
			buildPhases = (
				30C9402A2A11F26D0093DBB8 /* Sources */,
				30C9402B2A11F26D0093DBB8 /* Frameworks */,
				30C9402C2A11F26D0093DBB8 /* Resources */,
			);
			buildRules = (
			);
			dependencies = (
			);
			name = "Geographic atlas";
			productName = "Geographic atlas";
			productReference = 30C9402E2A11F26D0093DBB8 /* Geographic atlas.app */;
			productType = "com.apple.product-type.application";
		};
/* End PBXNativeTarget section */

/* Begin PBXProject section */
		30C940262A11F26D0093DBB8 /* Project object */ = {
			isa = PBXProject;
			attributes = {
				BuildIndependentTargetsInParallel = 1;
				LastSwiftUpdateCheck = 1420;
				LastUpgradeCheck = 1420;
				TargetAttributes = {
					30C9402D2A11F26D0093DBB8 = {
						CreatedOnToolsVersion = 14.2;
					};
				};
			};
			buildConfigurationList = 30C940292A11F26D0093DBB8 /* Build configuration list for PBXProject "Geographic atlas" */;
			compatibilityVersion = "Xcode 14.0";
			developmentRegion = en;
			hasScannedForEncodings = 0;
			knownRegions = (
				en,
				Base,
			);
			mainGroup = 30C940252A11F26D0093DBB8;
			productRefGroup = 30C9402F2A11F26D0093DBB8 /* Products */;
			projectDirPath = "";
			projectRoot = "";
			targets = (
				30C9402D2A11F26D0093DBB8 /* Geographic atlas */,
			);
		};
/* End PBXProject section */

/* Begin PBXResourcesBuildPhase section */
		30C9402C2A11F26D0093DBB8 /* Resources */ = {
			isa = PBXResourcesBuildPhase;
			buildActionMask = 2147483647;
			files = (
				30C9403E2A11F26D0093DBB8 /* LaunchScreen.storyboard in Resources */,
				30C9403B2A11F26D0093DBB8 /* Assets.xcassets in Resources */,
			);
			runOnlyForDeploymentPostprocessing = 0;
		};
/* End PBXResourcesBuildPhase section */

/* Begin PBXSourcesBuildPhase section */
		30C9402A2A11F26D0093DBB8 /* Sources */ = {
			isa = PBXSourcesBuildPhase;
			buildActionMask = 2147483647;
			files = (
				30C9404E2A13F3DF0093DBB8 /* Country.swift in Sources */,
				30C940322A11F26D0093DBB8 /* AppDelegate.swift in Sources */,
				30C9404A2A123D9A0093DBB8 /* tableViewCell.swift in Sources */,
				30C940542A142BC80093DBB8 /* CountryDetails.swift in Sources */,
				30C940342A11F26D0093DBB8 /* SceneDelegate.swift in Sources */,
				30C940482A1237C10093DBB8 /* UIViewExtension.swift in Sources */,
				30C940462A1233F10093DBB8 /* mainVC.swift in Sources */,
			);
			runOnlyForDeploymentPostprocessing = 0;
		};
/* End PBXSourcesBuildPhase section */

/* Begin PBXVariantGroup section */
		30C9403C2A11F26D0093DBB8 /* LaunchScreen.storyboard */ = {
			isa = PBXVariantGroup;
			children = (
				30C9403D2A11F26D0093DBB8 /* Base */,
			);
			name = LaunchScreen.storyboard;
			sourceTree = "<group>";
		};
/* End PBXVariantGroup section */

/* Begin XCBuildConfiguration section */
		30C940402A11F26D0093DBB8 /* Debug */ = {
			isa = XCBuildConfiguration;
			buildSettings = {
				ALWAYS_SEARCH_USER_PATHS = NO;
				CLANG_ANALYZER_NONNULL = YES;
				CLANG_ANALYZER_NUMBER_OBJECT_CONVERSION = YES_AGGRESSIVE;
				CLANG_CXX_LANGUAGE_STANDARD = "gnu++20";
				CLANG_ENABLE_MODULES = YES;
				CLANG_ENABLE_OBJC_ARC = YES;
				CLANG_ENABLE_OBJC_WEAK = YES;
				CLANG_WARN_BLOCK_CAPTURE_AUTORELEASING = YES;
				CLANG_WARN_BOOL_CONVERSION = YES;
				CLANG_WARN_COMMA = YES;
				CLANG_WARN_CONSTANT_CONVERSION = YES;
				CLANG_WARN_DEPRECATED_OBJC_IMPLEMENTATIONS = YES;
				CLANG_WARN_DIRECT_OBJC_ISA_USAGE = YES_ERROR;
				CLANG_WARN_DOCUMENTATION_COMMENTS = YES;
				CLANG_WARN_EMPTY_BODY = YES;
				CLANG_WARN_ENUM_CONVERSION = YES;
				CLANG_WARN_INFINITE_RECURSION = YES;
				CLANG_WARN_INT_CONVERSION = YES;
				CLANG_WARN_NON_LITERAL_NULL_CONVERSION = YES;
				CLANG_WARN_OBJC_IMPLICIT_RETAIN_SELF = YES;
				CLANG_WARN_OBJC_LITERAL_CONVERSION = YES;
				CLANG_WARN_OBJC_ROOT_CLASS = YES_ERROR;
				CLANG_WARN_QUOTED_INCLUDE_IN_FRAMEWORK_HEADER = YES;
				CLANG_WARN_RANGE_LOOP_ANALYSIS = YES;
				CLANG_WARN_STRICT_PROTOTYPES = YES;
				CLANG_WARN_SUSPICIOUS_MOVE = YES;
				CLANG_WARN_UNGUARDED_AVAILABILITY = YES_AGGRESSIVE;
				CLANG_WARN_UNREACHABLE_CODE = YES;
				CLANG_WARN__DUPLICATE_METHOD_MATCH = YES;
				COPY_PHASE_STRIP = NO;
				DEBUG_INFORMATION_FORMAT = dwarf;
				ENABLE_STRICT_OBJC_MSGSEND = YES;
				ENABLE_TESTABILITY = YES;
				GCC_C_LANGUAGE_STANDARD = gnu11;
				GCC_DYNAMIC_NO_PIC = NO;
				GCC_NO_COMMON_BLOCKS = YES;
				GCC_OPTIMIZATION_LEVEL = 0;
				GCC_PREPROCESSOR_DEFINITIONS = (
					"DEBUG=1",
					"$(inherited)",
				);
				GCC_WARN_64_TO_32_BIT_CONVERSION = YES;
				GCC_WARN_ABOUT_RETURN_TYPE = YES_ERROR;
				GCC_WARN_UNDECLARED_SELECTOR = YES;
				GCC_WARN_UNINITIALIZED_AUTOS = YES_AGGRESSIVE;
				GCC_WARN_UNUSED_FUNCTION = YES;
				GCC_WARN_UNUSED_VARIABLE = YES;
				IPHONEOS_DEPLOYMENT_TARGET = 16.2;
				MTL_ENABLE_DEBUG_INFO = INCLUDE_SOURCE;
				MTL_FAST_MATH = YES;
				ONLY_ACTIVE_ARCH = YES;
				SDKROOT = iphoneos;
				SWIFT_ACTIVE_COMPILATION_CONDITIONS = DEBUG;
				SWIFT_OPTIMIZATION_LEVEL = "-Onone";
			};
			name = Debug;
		};
		30C940412A11F26D0093DBB8 /* Release */ = {
			isa = XCBuildConfiguration;
			buildSettings = {
				ALWAYS_SEARCH_USER_PATHS = NO;
				CLANG_ANALYZER_NONNULL = YES;
				CLANG_ANALYZER_NUMBER_OBJECT_CONVERSION = YES_AGGRESSIVE;
				CLANG_CXX_LANGUAGE_STANDARD = "gnu++20";
				CLANG_ENABLE_MODULES = YES;
				CLANG_ENABLE_OBJC_ARC = YES;
				CLANG_ENABLE_OBJC_WEAK = YES;
				CLANG_WARN_BLOCK_CAPTURE_AUTORELEASING = YES;
				CLANG_WARN_BOOL_CONVERSION = YES;
				CLANG_WARN_COMMA = YES;
				CLANG_WARN_CONSTANT_CONVERSION = YES;
				CLANG_WARN_DEPRECATED_OBJC_IMPLEMENTATIONS = YES;
				CLANG_WARN_DIRECT_OBJC_ISA_USAGE = YES_ERROR;
				CLANG_WARN_DOCUMENTATION_COMMENTS = YES;
				CLANG_WARN_EMPTY_BODY = YES;
				CLANG_WARN_ENUM_CONVERSION = YES;
				CLANG_WARN_INFINITE_RECURSION = YES;
				CLANG_WARN_INT_CONVERSION = YES;
				CLANG_WARN_NON_LITERAL_NULL_CONVERSION = YES;
				CLANG_WARN_OBJC_IMPLICIT_RETAIN_SELF = YES;
				CLANG_WARN_OBJC_LITERAL_CONVERSION = YES;
				CLANG_WARN_OBJC_ROOT_CLASS = YES_ERROR;
				CLANG_WARN_QUOTED_INCLUDE_IN_FRAMEWORK_HEADER = YES;
				CLANG_WARN_RANGE_LOOP_ANALYSIS = YES;
				CLANG_WARN_STRICT_PROTOTYPES = YES;
				CLANG_WARN_SUSPICIOUS_MOVE = YES;
				CLANG_WARN_UNGUARDED_AVAILABILITY = YES_AGGRESSIVE;
				CLANG_WARN_UNREACHABLE_CODE = YES;
				CLANG_WARN__DUPLICATE_METHOD_MATCH = YES;
				COPY_PHASE_STRIP = NO;
				DEBUG_INFORMATION_FORMAT = "dwarf-with-dsym";
				ENABLE_NS_ASSERTIONS = NO;
				ENABLE_STRICT_OBJC_MSGSEND = YES;
				GCC_C_LANGUAGE_STANDARD = gnu11;
				GCC_NO_COMMON_BLOCKS = YES;
				GCC_WARN_64_TO_32_BIT_CONVERSION = YES;
				GCC_WARN_ABOUT_RETURN_TYPE = YES_ERROR;
				GCC_WARN_UNDECLARED_SELECTOR = YES;
				GCC_WARN_UNINITIALIZED_AUTOS = YES_AGGRESSIVE;
				GCC_WARN_UNUSED_FUNCTION = YES;
				GCC_WARN_UNUSED_VARIABLE = YES;
				IPHONEOS_DEPLOYMENT_TARGET = 16.2;
				MTL_ENABLE_DEBUG_INFO = NO;
				MTL_FAST_MATH = YES;
				SDKROOT = iphoneos;
				SWIFT_COMPILATION_MODE = wholemodule;
				SWIFT_OPTIMIZATION_LEVEL = "-O";
				VALIDATE_PRODUCT = YES;
			};
			name = Release;
		};
		30C940432A11F26D0093DBB8 /* Debug */ = {
			isa = XCBuildConfiguration;
			buildSettings = {
				ASSETCATALOG_COMPILER_APPICON_NAME = AppIcon;
				ASSETCATALOG_COMPILER_GLOBAL_ACCENT_COLOR_NAME = AccentColor;
				CODE_SIGN_STYLE = Automatic;
				CURRENT_PROJECT_VERSION = 1;
				GENERATE_INFOPLIST_FILE = YES;
				INFOPLIST_FILE = "Geographic atlas/Info.plist";
				INFOPLIST_KEY_UIApplicationSupportsIndirectInputEvents = YES;
				INFOPLIST_KEY_UILaunchStoryboardName = LaunchScreen;
				INFOPLIST_KEY_UISupportedInterfaceOrientations_iPad = "UIInterfaceOrientationPortrait UIInterfaceOrientationPortraitUpsideDown UIInterfaceOrientationLandscapeLeft UIInterfaceOrientationLandscapeRight";
				INFOPLIST_KEY_UISupportedInterfaceOrientations_iPhone = "UIInterfaceOrientationPortrait UIInterfaceOrientationLandscapeLeft UIInterfaceOrientationLandscapeRight";
				LD_RUNPATH_SEARCH_PATHS = (
					"$(inherited)",
					"@executable_path/Frameworks",
				);
				MARKETING_VERSION = 1.0;
				PRODUCT_BUNDLE_IDENTIFIER = "Nukte.Geographic-atlas";
				PRODUCT_NAME = "$(TARGET_NAME)";
				SWIFT_EMIT_LOC_STRINGS = YES;
				SWIFT_VERSION = 5.0;
				TARGETED_DEVICE_FAMILY = "1,2";
			};
			name = Debug;
		};
		30C940442A11F26D0093DBB8 /* Release */ = {
			isa = XCBuildConfiguration;
			buildSettings = {
				ASSETCATALOG_COMPILER_APPICON_NAME = AppIcon;
				ASSETCATALOG_COMPILER_GLOBAL_ACCENT_COLOR_NAME = AccentColor;
				CODE_SIGN_STYLE = Automatic;
				CURRENT_PROJECT_VERSION = 1;
				GENERATE_INFOPLIST_FILE = YES;
				INFOPLIST_FILE = "Geographic atlas/Info.plist";
				INFOPLIST_KEY_UIApplicationSupportsIndirectInputEvents = YES;
				INFOPLIST_KEY_UILaunchStoryboardName = LaunchScreen;
				INFOPLIST_KEY_UISupportedInterfaceOrientations_iPad = "UIInterfaceOrientationPortrait UIInterfaceOrientationPortraitUpsideDown UIInterfaceOrientationLandscapeLeft UIInterfaceOrientationLandscapeRight";
				INFOPLIST_KEY_UISupportedInterfaceOrientations_iPhone = "UIInterfaceOrientationPortrait UIInterfaceOrientationLandscapeLeft UIInterfaceOrientationLandscapeRight";
				LD_RUNPATH_SEARCH_PATHS = (
					"$(inherited)",
					"@executable_path/Frameworks",
				);
				MARKETING_VERSION = 1.0;
				PRODUCT_BUNDLE_IDENTIFIER = "Nukte.Geographic-atlas";
				PRODUCT_NAME = "$(TARGET_NAME)";
				SWIFT_EMIT_LOC_STRINGS = YES;
				SWIFT_VERSION = 5.0;
				TARGETED_DEVICE_FAMILY = "1,2";
			};
			name = Release;
		};
/* End XCBuildConfiguration section */

/* Begin XCConfigurationList section */
		30C940292A11F26D0093DBB8 /* Build configuration list for PBXProject "Geographic atlas" */ = {
			isa = XCConfigurationList;
			buildConfigurations = (
				30C940402A11F26D0093DBB8 /* Debug */,
				30C940412A11F26D0093DBB8 /* Release */,
			);
			defaultConfigurationIsVisible = 0;
			defaultConfigurationName = Release;
		};
		30C940422A11F26D0093DBB8 /* Build configuration list for PBXNativeTarget "Geographic atlas" */ = {
			isa = XCConfigurationList;
			buildConfigurations = (
				30C940432A11F26D0093DBB8 /* Debug */,
				30C940442A11F26D0093DBB8 /* Release */,
			);
			defaultConfigurationIsVisible = 0;
			defaultConfigurationName = Release;
		};
/* End XCConfigurationList section */
	};
	rootObject = 30C940262A11F26D0093DBB8 /* Project object */;
}
